// !$*UTF8*$!
{
	archiveVersion = 1;
	classes = {
	};
	objectVersion = 46;
	objects = {

/* Begin PBXBuildFile section */
		582BDB2F17F96CBB0050E11E /* QuartzCore.framework in Frameworks */ = {isa = PBXBuildFile; fileRef = 582BDB2E17F96CBB0050E11E /* QuartzCore.framework */; };
		582BDB3B17F9784F0050E11E /* HMSideMenu.m in Sources */ = {isa = PBXBuildFile; fileRef = 582BDB3A17F9784F0050E11E /* HMSideMenu.m */; };
		582BDB4517F982040050E11E /* btn_press_hight.png in Resources */ = {isa = PBXBuildFile; fileRef = 582BDB4317F982040050E11E /* btn_press_hight.png */; };
		582BDB4617F982040050E11E /* btn_press_nor.png in Resources */ = {isa = PBXBuildFile; fileRef = 582BDB4417F982040050E11E /* btn_press_nor.png */; };
		5839C1C41827425100F962A9 /* btn1.png in Resources */ = {isa = PBXBuildFile; fileRef = 5839C1C01827425100F962A9 /* btn1.png */; };
		5839C1C51827425100F962A9 /* btn2.png in Resources */ = {isa = PBXBuildFile; fileRef = 5839C1C11827425100F962A9 /* btn2.png */; };
		5839C1C61827425100F962A9 /* btn3.png in Resources */ = {isa = PBXBuildFile; fileRef = 5839C1C21827425100F962A9 /* btn3.png */; };
		5839C1C71827425100F962A9 /* btn4.png in Resources */ = {isa = PBXBuildFile; fileRef = 5839C1C31827425100F962A9 /* btn4.png */; };
		5839C1CA182743EB00F962A9 /* icon-plus.png in Resources */ = {isa = PBXBuildFile; fileRef = 5839C1C8182743EB00F962A9 /* icon-plus.png */; };
		5839C1CB182743EB00F962A9 /* icon-plus-highlighted.png in Resources */ = {isa = PBXBuildFile; fileRef = 5839C1C9182743EB00F962A9 /* icon-plus-highlighted.png */; };
		585307B017EF256F00561D5A /* UIKit.framework in Frameworks */ = {isa = PBXBuildFile; fileRef = 585307AF17EF256F00561D5A /* UIKit.framework */; };
		585307B217EF256F00561D5A /* Foundation.framework in Frameworks */ = {isa = PBXBuildFile; fileRef = 585307B117EF256F00561D5A /* Foundation.framework */; };
		585307B417EF256F00561D5A /* CoreGraphics.framework in Frameworks */ = {isa = PBXBuildFile; fileRef = 585307B317EF256F00561D5A /* CoreGraphics.framework */; };
		585307BA17EF256F00561D5A /* InfoPlist.strings in Resources */ = {isa = PBXBuildFile; fileRef = 585307B817EF256F00561D5A /* InfoPlist.strings */; };
		585307BC17EF256F00561D5A /* main.m in Sources */ = {isa = PBXBuildFile; fileRef = 585307BB17EF256F00561D5A /* main.m */; };
		585307C017EF256F00561D5A /* SHAppDelegate.m in Sources */ = {isa = PBXBuildFile; fileRef = 585307BF17EF256F00561D5A /* SHAppDelegate.m */; };
		585307C217EF256F00561D5A /* Default.png in Resources */ = {isa = PBXBuildFile; fileRef = 585307C117EF256F00561D5A /* Default.png */; };
		585307C417EF256F00561D5A /* Default@2x.png in Resources */ = {isa = PBXBuildFile; fileRef = 585307C317EF256F00561D5A /* Default@2x.png */; };
		585307C617EF256F00561D5A /* Default-568h@2x.png in Resources */ = {isa = PBXBuildFile; fileRef = 585307C517EF256F00561D5A /* Default-568h@2x.png */; };
		585307C917EF256F00561D5A /* SHViewController.m in Sources */ = {isa = PBXBuildFile; fileRef = 585307C817EF256F00561D5A /* SHViewController.m */; };
		585335CB181FBBCD00942706 /* icon.png in Resources */ = {isa = PBXBuildFile; fileRef = 585335CA181FBBCD00942706 /* icon.png */; };
		585335CD181FBBD200942706 /* icon@2x.png in Resources */ = {isa = PBXBuildFile; fileRef = 585335CC181FBBD200942706 /* icon@2x.png */; };
		5899D8DF18273BEB00796993 /* QuadCurveMenu.m in Sources */ = {isa = PBXBuildFile; fileRef = 5899D8DC18273BEB00796993 /* QuadCurveMenu.m */; };
		5899D8E018273BEB00796993 /* QuadCurveMenuItem.m in Sources */ = {isa = PBXBuildFile; fileRef = 5899D8DE18273BEB00796993 /* QuadCurveMenuItem.m */; };
		58AD2F3118039EA000D166ED /* SHFTAnimationExample.m in Sources */ = {isa = PBXBuildFile; fileRef = 58AD2F1E18039EA000D166ED /* SHFTAnimationExample.m */; };
		58B8F1791823396D0029543A /* icon_ios7.png in Resources */ = {isa = PBXBuildFile; fileRef = 58B8F1781823396D0029543A /* icon_ios7.png */; };
		58B8F17B18233A3F0029543A /* Default~iphone.png in Resources */ = {isa = PBXBuildFile; fileRef = 58B8F17A18233A3F0029543A /* Default~iphone.png */; };
		58C6F1FD181F5DAD00C26050 /* RemoteNotificationManage.m in Sources */ = {isa = PBXBuildFile; fileRef = 58C6F1FC181F5DAC00C26050 /* RemoteNotificationManage.m */; };
		58C6F225181F630700C26050 /* libz.1.2.5.dylib in Frameworks */ = {isa = PBXBuildFile; fileRef = 58C6F224181F630700C26050 /* libz.1.2.5.dylib */; };
		58E2641C182782DC00653F07 /* GestureRecognizerBlocks.m in Sources */ = {isa = PBXBuildFile; fileRef = 58E2641B182782DC00653F07 /* GestureRecognizerBlocks.m */; };
		58E2641F182782F000653F07 /* FTUtils+UIGestureRecognizer.m in Sources */ = {isa = PBXBuildFile; fileRef = 58E2641E182782F000653F07 /* FTUtils+UIGestureRecognizer.m */; };
		58E264221827834D00653F07 /* SimpleAnimationExample.m in Sources */ = {isa = PBXBuildFile; fileRef = 58E264211827834D00653F07 /* SimpleAnimationExample.m */; };
/* End PBXBuildFile section */

/* Begin PBXFileReference section */
		582BDB2E17F96CBB0050E11E /* QuartzCore.framework */ = {isa = PBXFileReference; lastKnownFileType = wrapper.framework; name = QuartzCore.framework; path = System/Library/Frameworks/QuartzCore.framework; sourceTree = SDKROOT; };
		582BDB3917F9784F0050E11E /* HMSideMenu.h */ = {isa = PBXFileReference; fileEncoding = 4; lastKnownFileType = sourcecode.c.h; path = HMSideMenu.h; sourceTree = "<group>"; };
		582BDB3A17F9784F0050E11E /* HMSideMenu.m */ = {isa = PBXFileReference; fileEncoding = 4; lastKnownFileType = sourcecode.c.objc; path = HMSideMenu.m; sourceTree = "<group>"; };
		582BDB4317F982040050E11E /* btn_press_hight.png */ = {isa = PBXFileReference; lastKnownFileType = image.png; path = btn_press_hight.png; sourceTree = "<group>"; };
		582BDB4417F982040050E11E /* btn_press_nor.png */ = {isa = PBXFileReference; lastKnownFileType = image.png; path = btn_press_nor.png; sourceTree = "<group>"; };
		5839C1C01827425100F962A9 /* btn1.png */ = {isa = PBXFileReference; lastKnownFileType = image.png; path = btn1.png; sourceTree = "<group>"; };
		5839C1C11827425100F962A9 /* btn2.png */ = {isa = PBXFileReference; lastKnownFileType = image.png; path = btn2.png; sourceTree = "<group>"; };
		5839C1C21827425100F962A9 /* btn3.png */ = {isa = PBXFileReference; lastKnownFileType = image.png; path = btn3.png; sourceTree = "<group>"; };
		5839C1C31827425100F962A9 /* btn4.png */ = {isa = PBXFileReference; lastKnownFileType = image.png; path = btn4.png; sourceTree = "<group>"; };
		5839C1C8182743EB00F962A9 /* icon-plus.png */ = {isa = PBXFileReference; lastKnownFileType = image.png; path = "icon-plus.png"; sourceTree = "<group>"; };
		5839C1C9182743EB00F962A9 /* icon-plus-highlighted.png */ = {isa = PBXFileReference; lastKnownFileType = image.png; path = "icon-plus-highlighted.png"; sourceTree = "<group>"; };
		585307AC17EF256F00561D5A /* PushMDM.app */ = {isa = PBXFileReference; explicitFileType = wrapper.application; includeInIndex = 0; path = PushMDM.app; sourceTree = BUILT_PRODUCTS_DIR; };
		585307AF17EF256F00561D5A /* UIKit.framework */ = {isa = PBXFileReference; lastKnownFileType = wrapper.framework; name = UIKit.framework; path = System/Library/Frameworks/UIKit.framework; sourceTree = SDKROOT; };
		585307B117EF256F00561D5A /* Foundation.framework */ = {isa = PBXFileReference; lastKnownFileType = wrapper.framework; name = Foundation.framework; path = System/Library/Frameworks/Foundation.framework; sourceTree = SDKROOT; };
		585307B317EF256F00561D5A /* CoreGraphics.framework */ = {isa = PBXFileReference; lastKnownFileType = wrapper.framework; name = CoreGraphics.framework; path = System/Library/Frameworks/CoreGraphics.framework; sourceTree = SDKROOT; };
		585307B717EF256F00561D5A /* PushMDM-Info.plist */ = {isa = PBXFileReference; lastKnownFileType = text.plist.xml; path = "PushMDM-Info.plist"; sourceTree = "<group>"; };
		585307B917EF256F00561D5A /* en */ = {isa = PBXFileReference; lastKnownFileType = text.plist.strings; name = en; path = en.lproj/InfoPlist.strings; sourceTree = "<group>"; };
		585307BB17EF256F00561D5A /* main.m */ = {isa = PBXFileReference; lastKnownFileType = sourcecode.c.objc; path = main.m; sourceTree = "<group>"; };
		585307BD17EF256F00561D5A /* PushMDM-Prefix.pch */ = {isa = PBXFileReference; lastKnownFileType = sourcecode.c.h; path = "PushMDM-Prefix.pch"; sourceTree = "<group>"; };
		585307BE17EF256F00561D5A /* SHAppDelegate.h */ = {isa = PBXFileReference; lastKnownFileType = sourcecode.c.h; path = SHAppDelegate.h; sourceTree = "<group>"; };
		585307BF17EF256F00561D5A /* SHAppDelegate.m */ = {isa = PBXFileReference; lastKnownFileType = sourcecode.c.objc; path = SHAppDelegate.m; sourceTree = "<group>"; };
		585307C117EF256F00561D5A /* Default.png */ = {isa = PBXFileReference; lastKnownFileType = image.png; path = Default.png; sourceTree = "<group>"; };
		585307C317EF256F00561D5A /* Default@2x.png */ = {isa = PBXFileReference; lastKnownFileType = image.png; path = "Default@2x.png"; sourceTree = "<group>"; };
		585307C517EF256F00561D5A /* Default-568h@2x.png */ = {isa = PBXFileReference; lastKnownFileType = image.png; path = "Default-568h@2x.png"; sourceTree = "<group>"; };
		585307C717EF256F00561D5A /* SHViewController.h */ = {isa = PBXFileReference; lastKnownFileType = sourcecode.c.h; path = SHViewController.h; sourceTree = "<group>"; };
		585307C817EF256F00561D5A /* SHViewController.m */ = {isa = PBXFileReference; lastKnownFileType = sourcecode.c.objc; path = SHViewController.m; sourceTree = "<group>"; };
		585307D317EF257000561D5A /* SenTestingKit.framework */ = {isa = PBXFileReference; lastKnownFileType = wrapper.framework; name = SenTestingKit.framework; path = Library/Frameworks/SenTestingKit.framework; sourceTree = DEVELOPER_DIR; };
		585335CA181FBBCD00942706 /* icon.png */ = {isa = PBXFileReference; lastKnownFileType = image.png; path = icon.png; sourceTree = "<group>"; };
		585335CC181FBBD200942706 /* icon@2x.png */ = {isa = PBXFileReference; lastKnownFileType = image.png; path = "icon@2x.png"; sourceTree = "<group>"; };
		5899D8DB18273BEB00796993 /* QuadCurveMenu.h */ = {isa = PBXFileReference; fileEncoding = 4; lastKnownFileType = sourcecode.c.h; path = QuadCurveMenu.h; sourceTree = "<group>"; };
		5899D8DC18273BEB00796993 /* QuadCurveMenu.m */ = {isa = PBXFileReference; fileEncoding = 4; lastKnownFileType = sourcecode.c.objc; path = QuadCurveMenu.m; sourceTree = "<group>"; };
		5899D8DD18273BEB00796993 /* QuadCurveMenuItem.h */ = {isa = PBXFileReference; fileEncoding = 4; lastKnownFileType = sourcecode.c.h; path = QuadCurveMenuItem.h; sourceTree = "<group>"; };
		5899D8DE18273BEB00796993 /* QuadCurveMenuItem.m */ = {isa = PBXFileReference; fileEncoding = 4; lastKnownFileType = sourcecode.c.objc; path = QuadCurveMenuItem.m; sourceTree = "<group>"; };
		58AD2F1D18039EA000D166ED /* SHFTAnimationExample.h */ = {isa = PBXFileReference; fileEncoding = 4; lastKnownFileType = sourcecode.c.h; path = SHFTAnimationExample.h; sourceTree = "<group>"; };
		58AD2F1E18039EA000D166ED /* SHFTAnimationExample.m */ = {isa = PBXFileReference; fileEncoding = 4; lastKnownFileType = sourcecode.c.objc; path = SHFTAnimationExample.m; sourceTree = "<group>"; };
		58B8F1781823396D0029543A /* icon_ios7.png */ = {isa = PBXFileReference; lastKnownFileType = image.png; path = icon_ios7.png; sourceTree = "<group>"; };
		58B8F17A18233A3F0029543A /* Default~iphone.png */ = {isa = PBXFileReference; lastKnownFileType = image.png; path = "Default~iphone.png"; sourceTree = "<group>"; };
		58C6F1FB181F5DAC00C26050 /* RemoteNotificationManage.h */ = {isa = PBXFileReference; fileEncoding = 4; lastKnownFileType = sourcecode.c.h; path = RemoteNotificationManage.h; sourceTree = "<group>"; };
		58C6F1FC181F5DAC00C26050 /* RemoteNotificationManage.m */ = {isa = PBXFileReference; fileEncoding = 4; lastKnownFileType = sourcecode.c.objc; path = RemoteNotificationManage.m; sourceTree = "<group>"; };
		58C6F224181F630700C26050 /* libz.1.2.5.dylib */ = {isa = PBXFileReference; lastKnownFileType = "compiled.mach-o.dylib"; name = libz.1.2.5.dylib; path = usr/lib/libz.1.2.5.dylib; sourceTree = SDKROOT; };
		58E2641A182782DC00653F07 /* GestureRecognizerBlocks.h */ = {isa = PBXFileReference; fileEncoding = 4; lastKnownFileType = sourcecode.c.h; path = GestureRecognizerBlocks.h; sourceTree = "<group>"; };
		58E2641B182782DC00653F07 /* GestureRecognizerBlocks.m */ = {isa = PBXFileReference; fileEncoding = 4; lastKnownFileType = sourcecode.c.objc; path = GestureRecognizerBlocks.m; sourceTree = "<group>"; };
		58E2641D182782F000653F07 /* FTUtils+UIGestureRecognizer.h */ = {isa = PBXFileReference; fileEncoding = 4; lastKnownFileType = sourcecode.c.h; path = "FTUtils+UIGestureRecognizer.h"; sourceTree = "<group>"; };
		58E2641E182782F000653F07 /* FTUtils+UIGestureRecognizer.m */ = {isa = PBXFileReference; fileEncoding = 4; lastKnownFileType = sourcecode.c.objc; path = "FTUtils+UIGestureRecognizer.m"; sourceTree = "<group>"; };
		58E264201827834D00653F07 /* SimpleAnimationExample.h */ = {isa = PBXFileReference; fileEncoding = 4; lastKnownFileType = sourcecode.c.h; path = SimpleAnimationExample.h; sourceTree = "<group>"; };
		58E264211827834D00653F07 /* SimpleAnimationExample.m */ = {isa = PBXFileReference; fileEncoding = 4; lastKnownFileType = sourcecode.c.objc; path = SimpleAnimationExample.m; sourceTree = "<group>"; };
/* End PBXFileReference section */

/* Begin PBXFrameworksBuildPhase section */
		585307A917EF256F00561D5A /* Frameworks */ = {
			isa = PBXFrameworksBuildPhase;
			buildActionMask = 2147483647;
			files = (
				58C6F225181F630700C26050 /* libz.1.2.5.dylib in Frameworks */,
				585307B417EF256F00561D5A /* CoreGraphics.framework in Frameworks */,
				582BDB2F17F96CBB0050E11E /* QuartzCore.framework in Frameworks */,
				585307B017EF256F00561D5A /* UIKit.framework in Frameworks */,
				585307B217EF256F00561D5A /* Foundation.framework in Frameworks */,
			);
			runOnlyForDeploymentPostprocessing = 0;
		};
/* End PBXFrameworksBuildPhase section */

/* Begin PBXGroup section */
		582BDB3817F9784F0050E11E /* HMSideMenu */ = {
			isa = PBXGroup;
			children = (
				5899D8DA18273BEB00796993 /* AwesomeMenu */,
				58AD2EF718039EA000D166ED /* FTUtiles */,
				582BDB3917F9784F0050E11E /* HMSideMenu.h */,
				582BDB3A17F9784F0050E11E /* HMSideMenu.m */,
			);
			path = HMSideMenu;
			sourceTree = "<group>";
		};
		582BDB3C17F97A3F0050E11E /* Images */ = {
			isa = PBXGroup;
			children = (
				5839C1C8182743EB00F962A9 /* icon-plus.png */,
				5839C1C9182743EB00F962A9 /* icon-plus-highlighted.png */,
				5839C1C01827425100F962A9 /* btn1.png */,
				5839C1C11827425100F962A9 /* btn2.png */,
				5839C1C21827425100F962A9 /* btn3.png */,
				5839C1C31827425100F962A9 /* btn4.png */,
				582BDB4317F982040050E11E /* btn_press_hight.png */,
				582BDB4417F982040050E11E /* btn_press_nor.png */,
			);
			path = Images;
			sourceTree = "<group>";
		};
		585307A317EF256F00561D5A = {
			isa = PBXGroup;
			children = (
				58B8F1781823396D0029543A /* icon_ios7.png */,
				585335CC181FBBD200942706 /* icon@2x.png */,
				585335CA181FBBCD00942706 /* icon.png */,
				585307B517EF256F00561D5A /* PushMDM */,
				585307AE17EF256F00561D5A /* Frameworks */,
				585307AD17EF256F00561D5A /* Products */,
			);
			sourceTree = "<group>";
		};
		585307AD17EF256F00561D5A /* Products */ = {
			isa = PBXGroup;
			children = (
				585307AC17EF256F00561D5A /* PushMDM.app */,
			);
			name = Products;
			sourceTree = "<group>";
		};
		585307AE17EF256F00561D5A /* Frameworks */ = {
			isa = PBXGroup;
			children = (
				58C6F224181F630700C26050 /* libz.1.2.5.dylib */,
				582BDB2E17F96CBB0050E11E /* QuartzCore.framework */,
				585307AF17EF256F00561D5A /* UIKit.framework */,
				585307B117EF256F00561D5A /* Foundation.framework */,
				585307B317EF256F00561D5A /* CoreGraphics.framework */,
				585307D317EF257000561D5A /* SenTestingKit.framework */,
			);
			name = Frameworks;
			sourceTree = "<group>";
		};
		585307B517EF256F00561D5A /* PushMDM */ = {
			isa = PBXGroup;
			children = (
				582BDB3817F9784F0050E11E /* HMSideMenu */,
				585307BE17EF256F00561D5A /* SHAppDelegate.h */,
				585307BF17EF256F00561D5A /* SHAppDelegate.m */,
				585307C717EF256F00561D5A /* SHViewController.h */,
				585307C817EF256F00561D5A /* SHViewController.m */,
				585307B617EF256F00561D5A /* Supporting Files */,
			);
			path = PushMDM;
			sourceTree = "<group>";
		};
		585307B617EF256F00561D5A /* Supporting Files */ = {
			isa = PBXGroup;
			children = (
				58C6F1FA181F5DAC00C26050 /* RemoteNotificationManage */,
				582BDB3C17F97A3F0050E11E /* Images */,
				585307B717EF256F00561D5A /* PushMDM-Info.plist */,
				585307B817EF256F00561D5A /* InfoPlist.strings */,
				585307BB17EF256F00561D5A /* main.m */,
				585307BD17EF256F00561D5A /* PushMDM-Prefix.pch */,
				58B8F17A18233A3F0029543A /* Default~iphone.png */,
				585307C117EF256F00561D5A /* Default.png */,
				585307C317EF256F00561D5A /* Default@2x.png */,
				585307C517EF256F00561D5A /* Default-568h@2x.png */,
			);
			name = "Supporting Files";
			sourceTree = "<group>";
		};
		5899D8DA18273BEB00796993 /* AwesomeMenu */ = {
			isa = PBXGroup;
			children = (
				5899D8DB18273BEB00796993 /* QuadCurveMenu.h */,
				5899D8DC18273BEB00796993 /* QuadCurveMenu.m */,
				5899D8DD18273BEB00796993 /* QuadCurveMenuItem.h */,
				5899D8DE18273BEB00796993 /* QuadCurveMenuItem.m */,
			);
			path = AwesomeMenu;
			sourceTree = "<group>";
		};
		58AD2EF718039EA000D166ED /* FTUtiles */ = {
			isa = PBXGroup;
			children = (
				58AD2EF818039EA000D166ED /* ExampleManager */,
				58AD2F1D18039EA000D166ED /* SHFTAnimationExample.h */,
				58AD2F1E18039EA000D166ED /* SHFTAnimationExample.m */,
			);
			path = FTUtiles;
			sourceTree = "<group>";
		};
		58AD2EF818039EA000D166ED /* ExampleManager */ = {
			isa = PBXGroup;
			children = (
				58E264201827834D00653F07 /* SimpleAnimationExample.h */,
				58E264211827834D00653F07 /* SimpleAnimationExample.m */,
				58E2641D182782F000653F07 /* FTUtils+UIGestureRecognizer.h */,
				58E2641E182782F000653F07 /* FTUtils+UIGestureRecognizer.m */,
				58E2641A182782DC00653F07 /* GestureRecognizerBlocks.h */,
				58E2641B182782DC00653F07 /* GestureRecognizerBlocks.m */,
			);
			path = ExampleManager;
			sourceTree = "<group>";
		};
		58C6F1FA181F5DAC00C26050 /* RemoteNotificationManage */ = {
			isa = PBXGroup;
			children = (
				58C6F1FB181F5DAC00C26050 /* RemoteNotificationManage.h */,
				58C6F1FC181F5DAC00C26050 /* RemoteNotificationManage.m */,
			);
			path = RemoteNotificationManage;
			sourceTree = "<group>";
		};
/* End PBXGroup section */

/* Begin PBXNativeTarget section */
		585307AB17EF256F00561D5A /* PushMDM */ = {
			isa = PBXNativeTarget;
			buildConfigurationList = 585307E417EF257000561D5A /* Build configuration list for PBXNativeTarget "PushMDM" */;
			buildPhases = (
				585307A817EF256F00561D5A /* Sources */,
				585307A917EF256F00561D5A /* Frameworks */,
				585307AA17EF256F00561D5A /* Resources */,
			);
			buildRules = (
			);
			dependencies = (
			);
			name = PushMDM;
			productName = PushMDM;
			productReference = 585307AC17EF256F00561D5A /* PushMDM.app */;
			productType = "com.apple.product-type.application";
		};
/* End PBXNativeTarget section */

/* Begin PBXProject section */
		585307A417EF256F00561D5A /* Project object */ = {
			isa = PBXProject;
			attributes = {
				CLASSPREFIX = SH;
				LastUpgradeCheck = 0460;
				ORGANIZATIONNAME = sherwin.chen;
				TargetAttributes = {
					585307AB17EF256F00561D5A = {
						DevelopmentTeam = S3W286SE2E;
					};
				};
			};
			buildConfigurationList = 585307A717EF256F00561D5A /* Build configuration list for PBXProject "PushMDM" */;
			compatibilityVersion = "Xcode 3.2";
			developmentRegion = English;
			hasScannedForEncodings = 0;
			knownRegions = (
				en,
			);
			mainGroup = 585307A317EF256F00561D5A;
			productRefGroup = 585307AD17EF256F00561D5A /* Products */;
			projectDirPath = "";
			projectRoot = "";
			targets = (
				585307AB17EF256F00561D5A /* PushMDM */,
			);
		};
/* End PBXProject section */

/* Begin PBXResourcesBuildPhase section */
		585307AA17EF256F00561D5A /* Resources */ = {
			isa = PBXResourcesBuildPhase;
			buildActionMask = 2147483647;
			files = (
				585307BA17EF256F00561D5A /* InfoPlist.strings in Resources */,
				585307C217EF256F00561D5A /* Default.png in Resources */,
				5839C1C71827425100F962A9 /* btn4.png in Resources */,
				585307C417EF256F00561D5A /* Default@2x.png in Resources */,
				585307C617EF256F00561D5A /* Default-568h@2x.png in Resources */,
				5839C1CB182743EB00F962A9 /* icon-plus-highlighted.png in Resources */,
				58B8F1791823396D0029543A /* icon_ios7.png in Resources */,
				5839C1CA182743EB00F962A9 /* icon-plus.png in Resources */,
				582BDB4517F982040050E11E /* btn_press_hight.png in Resources */,
				582BDB4617F982040050E11E /* btn_press_nor.png in Resources */,
				5839C1C61827425100F962A9 /* btn3.png in Resources */,
				5839C1C41827425100F962A9 /* btn1.png in Resources */,
				58B8F17B18233A3F0029543A /* Default~iphone.png in Resources */,
				585335CB181FBBCD00942706 /* icon.png in Resources */,
				585335CD181FBBD200942706 /* icon@2x.png in Resources */,
				5839C1C51827425100F962A9 /* btn2.png in Resources */,
			);
			runOnlyForDeploymentPostprocessing = 0;
		};
/* End PBXResourcesBuildPhase section */

/* Begin PBXSourcesBuildPhase section */
		585307A817EF256F00561D5A /* Sources */ = {
			isa = PBXSourcesBuildPhase;
			buildActionMask = 2147483647;
			files = (
				585307BC17EF256F00561D5A /* main.m in Sources */,
				585307C017EF256F00561D5A /* SHAppDelegate.m in Sources */,
				585307C917EF256F00561D5A /* SHViewController.m in Sources */,
				582BDB3B17F9784F0050E11E /* HMSideMenu.m in Sources */,
				58C6F1FD181F5DAD00C26050 /* RemoteNotificationManage.m in Sources */,
				58AD2F3118039EA000D166ED /* SHFTAnimationExample.m in Sources */,
				5899D8DF18273BEB00796993 /* QuadCurveMenu.m in Sources */,
				5899D8E018273BEB00796993 /* QuadCurveMenuItem.m in Sources */,
				58E2641C182782DC00653F07 /* GestureRecognizerBlocks.m in Sources */,
				58E2641F182782F000653F07 /* FTUtils+UIGestureRecognizer.m in Sources */,
				58E264221827834D00653F07 /* SimpleAnimationExample.m in Sources */,
			);
			runOnlyForDeploymentPostprocessing = 0;
		};
/* End PBXSourcesBuildPhase section */

/* Begin PBXVariantGroup section */
		585307B817EF256F00561D5A /* InfoPlist.strings */ = {
			isa = PBXVariantGroup;
			children = (
				585307B917EF256F00561D5A /* en */,
			);
			name = InfoPlist.strings;
			sourceTree = "<group>";
		};
/* End PBXVariantGroup section */

/* Begin XCBuildConfiguration section */
		585307E217EF257000561D5A /* Debug */ = {
			isa = XCBuildConfiguration;
			buildSettings = {
				ALWAYS_SEARCH_USER_PATHS = NO;
				CLANG_CXX_LANGUAGE_STANDARD = "gnu++0x";
				CLANG_CXX_LIBRARY = "libc++";
				CLANG_WARN_CONSTANT_CONVERSION = YES;
				CLANG_WARN_EMPTY_BODY = YES;
				CLANG_WARN_ENUM_CONVERSION = YES;
				CLANG_WARN_INT_CONVERSION = YES;
				CLANG_WARN__DUPLICATE_METHOD_MATCH = YES;
				"CODE_SIGN_IDENTITY[sdk=iphoneos*]" = "iPhone Developer";
				COPY_PHASE_STRIP = NO;
				GCC_C_LANGUAGE_STANDARD = gnu99;
				GCC_DYNAMIC_NO_PIC = NO;
				GCC_OPTIMIZATION_LEVEL = 0;
				GCC_PREPROCESSOR_DEFINITIONS = (
					"DEBUG=1",
					"$(inherited)",
				);
				GCC_SYMBOLS_PRIVATE_EXTERN = NO;
				GCC_WARN_ABOUT_RETURN_TYPE = YES;
				GCC_WARN_UNINITIALIZED_AUTOS = YES;
				GCC_WARN_UNUSED_VARIABLE = YES;
				IPHONEOS_DEPLOYMENT_TARGET = 6.1;
				ONLY_ACTIVE_ARCH = YES;
				SDKROOT = iphoneos;
			};
			name = Debug;
		};
		585307E317EF257000561D5A /* Release */ = {
			isa = XCBuildConfiguration;
			buildSettings = {
				ALWAYS_SEARCH_USER_PATHS = NO;
				CLANG_CXX_LANGUAGE_STANDARD = "gnu++0x";
				CLANG_CXX_LIBRARY = "libc++";
				CLANG_WARN_CONSTANT_CONVERSION = YES;
				CLANG_WARN_EMPTY_BODY = YES;
				CLANG_WARN_ENUM_CONVERSION = YES;
				CLANG_WARN_INT_CONVERSION = YES;
				CLANG_WARN__DUPLICATE_METHOD_MATCH = YES;
				"CODE_SIGN_IDENTITY[sdk=iphoneos*]" = "iPhone Developer";
				COPY_PHASE_STRIP = YES;
				GCC_C_LANGUAGE_STANDARD = gnu99;
				GCC_WARN_ABOUT_RETURN_TYPE = YES;
				GCC_WARN_UNINITIALIZED_AUTOS = YES;
				GCC_WARN_UNUSED_VARIABLE = YES;
				IPHONEOS_DEPLOYMENT_TARGET = 6.1;
				OTHER_CFLAGS = "-DNS_BLOCK_ASSERTIONS=1";
				SDKROOT = iphoneos;
				VALIDATE_PRODUCT = YES;
			};
			name = Release;
		};
		585307E517EF257000561D5A /* Debug */ = {
			isa = XCBuildConfiguration;
			buildSettings = {
				CODE_SIGN_IDENTITY = "iPhone Developer: Feng Quchi (RL5YX28ZFH)";
				"CODE_SIGN_IDENTITY[sdk=iphoneos*]" = "iPhone Developer: Feng Quchi (RL5YX28ZFH)";
				FRAMEWORK_SEARCH_PATHS = (
					"$(inherited)",
					"\"$(SRCROOT)/PushMDM/HMSideMenu/FTUtiles\"",
				);
				GCC_PRECOMPILE_PREFIX_HEADER = YES;
				GCC_PREFIX_HEADER = "PushMDM/PushMDM-Prefix.pch";
				INFOPLIST_FILE = "PushMDM/PushMDM-Info.plist";
				IPHONEOS_DEPLOYMENT_TARGET = 5.0;
				LIBRARY_SEARCH_PATHS = "$(inherited)";
				PRODUCT_NAME = PushMDM;
				PROVISIONING_PROFILE = "BDB35FD8-5D8F-4D32-9B8C-41369DE35A0D";
				"PROVISIONING_PROFILE[sdk=iphoneos*]" = "BDB35FD8-5D8F-4D32-9B8C-41369DE35A0D";
				WRAPPER_EXTENSION = app;
			};
			name = Debug;
		};
		585307E617EF257000561D5A /* Release */ = {
			isa = XCBuildConfiguration;
			buildSettings = {
				CODE_SIGN_IDENTITY = "iPhone Distribution: ShenZhen Temobi Science & Tech Development Co.,Ltd (S3W286SE2E)";
				"CODE_SIGN_IDENTITY[sdk=iphoneos*]" = "iPhone Distribution: ShenZhen Temobi Science & Tech Development Co.,Ltd (S3W286SE2E)";
				FRAMEWORK_SEARCH_PATHS = (
					"$(inherited)",
					"\"$(SRCROOT)/PushMDM/HMSideMenu/FTUtiles\"",
				);
				GCC_PRECOMPILE_PREFIX_HEADER = YES;
				GCC_PREFIX_HEADER = "PushMDM/PushMDM-Prefix.pch";
				INFOPLIST_FILE = "PushMDM/PushMDM-Info.plist";
				IPHONEOS_DEPLOYMENT_TARGET = 5.0;
				LIBRARY_SEARCH_PATHS = "$(inherited)";
				PRODUCT_NAME = PushMDM;
				PROVISIONING_PROFILE = "A1B931A7-59C8-4C11-8C89-4096CDB0FFF8";
				"PROVISIONING_PROFILE[sdk=iphoneos*]" = "A1B931A7-59C8-4C11-8C89-4096CDB0FFF8";
				WRAPPER_EXTENSION = app;
			};
			name = Release;
		};
/* End XCBuildConfiguration section */

/* Begin XCConfigurationList section */
		585307A717EF256F00561D5A /* Build configuration list for PBXProject "PushMDM" */ = {
			isa = XCConfigurationList;
			buildConfigurations = (
				585307E217EF257000561D5A /* Debug */,
				585307E317EF257000561D5A /* Release */,
			);
			defaultConfigurationIsVisible = 0;
			defaultConfigurationName = Release;
		};
		585307E417EF257000561D5A /* Build configuration list for PBXNativeTarget "PushMDM" */ = {
			isa = XCConfigurationList;
			buildConfigurations = (
				585307E517EF257000561D5A /* Debug */,
				585307E617EF257000561D5A /* Release */,
			);
			defaultConfigurationIsVisible = 0;
			defaultConfigurationName = Release;
		};
/* End XCConfigurationList section */
	};
	rootObject = 585307A417EF256F00561D5A /* Project object */;
}
